
Microsoft Visual Studio Solution File, Format Version 12.00
# Visual Studio Version 17
VisualStudioVersion = 17.8.34309.116
MinimumVisualStudioVersion = 10.0.40219.1
Project("{9A19103F-16F7-4668-BE54-9A1E7A4F7556}") = "CalamityCrossmodVulnerabilities", "CalamityCrossmodVulnerabilities.csproj", "{D6AD0F4E-6CA8-4A0B-A93B-8B05B810BF8D}"
EndProject
Global
	GlobalSection(SolutionConfigurationPlatforms) = preSolution
		Debug|Any CPU = Debug|Any CPU
		Release|Any CPU = Release|Any CPU
	EndGlobalSection
	GlobalSection(ProjectConfigurationPlatforms) = postSolution
		{D6AD0F4E-6CA8-4A0B-A93B-8B05B810BF8D}.Debug|Any CPU.ActiveCfg = Debug|Any CPU
		{D6AD0F4E-6CA8-4A0B-A93B-8B05B810BF8D}.Debug|Any CPU.Build.0 = Debug|Any CPU
		{D6AD0F4E-6CA8-4A0B-A93B-8B05B810BF8D}.Release|Any CPU.ActiveCfg = Release|Any CPU
		{D6AD0F4E-6CA8-4A0B-A93B-8B05B810BF8D}.Release|Any CPU.Build.0 = Release|Any CPU
	EndGlobalSection
	GlobalSection(SolutionProperties) = preSolution
		HideSolutionNode = FALSE
	EndGlobalSection
	GlobalSection(ExtensibilityGlobals) = postSolution
		SolutionGuid = {EA5B29EF-8D07-4D07-960D-14F88EDEB43F}
	EndGlobalSection
EndGlobal
